{
  "version": 4,
  "terraform_version": "1.5.4",
  "serial": 10,
  "lineage": "2cba4d92-119b-4b53-a325-7a6b001861d4",
  "outputs": {},
  "resources": [
    {
      "mode": "managed",
      "type": "github_repository",
      "name": "my-terraform-learning",
      "provider": "provider[\"registry.terraform.io/hashicorp/github\"]",
      "instances": [
        {
          "schema_version": 1,
          "attributes": {
            "allow_auto_merge": false,
            "allow_merge_commit": true,
            "allow_rebase_merge": true,
            "allow_squash_merge": true,
            "allow_update_branch": false,
            "archive_on_destroy": null,
            "archived": false,
            "auto_init": true,
            "default_branch": "main",
            "delete_branch_on_merge": false,
            "description": "My terraform learning GitHub Repository",
            "etag": "W/\"2b52d7b013df10be8a5bc8d21a897ed847b14c4896f7093887bd96ae184fad5d\"",
            "full_name": "Gautam29683/my-terraform-learning",
            "git_clone_url": "git://github.com/Gautam29683/my-terraform-learning.git",
            "gitignore_template": null,
            "has_discussions": false,
            "has_downloads": false,
            "has_issues": false,
            "has_projects": false,
            "has_wiki": false,
            "homepage_url": "",
            "html_url": "https://github.com/Gautam29683/my-terraform-learning",
            "http_clone_url": "https://github.com/Gautam29683/my-terraform-learning.git",
            "id": "my-terraform-learning",
            "ignore_vulnerability_alerts_during_read": null,
            "is_template": false,
            "license_template": null,
            "merge_commit_message": "PR_TITLE",
            "merge_commit_title": "MERGE_MESSAGE",
            "name": "my-terraform-learning",
            "node_id": "R_kgDOKByRmQ",
            "pages": [],
            "private": false,
            "repo_id": 672960921,
            "security_and_analysis": [
              {
                "advanced_security": [],
                "secret_scanning": [
                  {
                    "status": "disabled"
                  }
                ],
                "secret_scanning_push_protection": [
                  {
                    "status": "disabled"
                  }
                ]
              }
            ],
            "squash_merge_commit_message": "COMMIT_MESSAGES",
            "squash_merge_commit_title": "COMMIT_OR_PR_TITLE",
            "ssh_clone_url": "git@github.com:Gautam29683/my-terraform-learning.git",
            "svn_url": "https://github.com/Gautam29683/my-terraform-learning",
            "template": [],
            "topics": null,
            "visibility": "public",
            "vulnerability_alerts": false
          },
          "sensitive_attributes": [],
          "private": "eyJzY2hlbWFfdmVyc2lvbiI6IjEifQ=="
        }
      ]
    }
  ],
  "check_results": null
}
